// !$*UTF8*$!
{
	archiveVersion = 1;
	classes = {
	};
	objectVersion = 56;
	objects = {

/* Begin PBXBuildFile section */
		B51EC51F2E5EE62C003BC69C /* AddNotificationViewControlle.swift in Sources */ = {isa = PBXBuildFile; fileRef = B51EC51E2E5EE62C003BC69C /* AddNotificationViewControlle.swift */; };
		B53A32E72DF05404001EE9A3 /* NotificationManager.swift in Sources */ = {isa = PBXBuildFile; fileRef = B53A32E62DF05404001EE9A3 /* NotificationManager.swift */; };
		B54AA3952DCB6F0300504FD3 /* KaiseiTokumin-Medium.ttf in Resources */ = {isa = PBXBuildFile; fileRef = B54AA3902DCB6F0300504FD3 /* KaiseiTokumin-Medium.ttf */; };
		B54AA3962DCB6F0300504FD3 /* KaiseiTokumin-ExtraBold.ttf in Resources */ = {isa = PBXBuildFile; fileRef = B54AA3912DCB6F0300504FD3 /* KaiseiTokumin-ExtraBold.ttf */; };
		B54AA3972DCB6F0300504FD3 /* KaiseiTokumin-Regular.ttf in Resources */ = {isa = PBXBuildFile; fileRef = B54AA3922DCB6F0300504FD3 /* KaiseiTokumin-Regular.ttf */; };
		B54AA3982DCB6F0300504FD3 /* KaiseiTokumin-Bold.ttf in Resources */ = {isa = PBXBuildFile; fileRef = B54AA3932DCB6F0300504FD3 /* KaiseiTokumin-Bold.ttf */; };
		B54AA3992DCB6F0300504FD3 /* OFL.txt in Resources */ = {isa = PBXBuildFile; fileRef = B54AA3942DCB6F0300504FD3 /* OFL.txt */; };
		B5821BB62D4A3F37002017E1 /* AppDelegate.swift in Sources */ = {isa = PBXBuildFile; fileRef = B5821BB52D4A3F37002017E1 /* AppDelegate.swift */; };
		B5821BB82D4A3F37002017E1 /* SceneDelegate.swift in Sources */ = {isa = PBXBuildFile; fileRef = B5821BB72D4A3F37002017E1 /* SceneDelegate.swift */; };
		B5821BBD2D4A3F37002017E1 /* Main.storyboard in Resources */ = {isa = PBXBuildFile; fileRef = B5821BBB2D4A3F37002017E1 /* Main.storyboard */; };
		B5821BBF2D4A3F38002017E1 /* Assets.xcassets in Resources */ = {isa = PBXBuildFile; fileRef = B5821BBE2D4A3F38002017E1 /* Assets.xcassets */; };
		B5821BC22D4A3F38002017E1 /* LaunchScreen.storyboard in Resources */ = {isa = PBXBuildFile; fileRef = B5821BC02D4A3F38002017E1 /* LaunchScreen.storyboard */; };
		B583E53D2E30E2DD00EA7E92 /* NotificationListViewController.swift in Sources */ = {isa = PBXBuildFile; fileRef = B583E53C2E30E2DD00EA7E92 /* NotificationListViewController.swift */; };
		B583E53F2E3A2ADD00EA7E92 /* MedicationInputViewController.swift in Sources */ = {isa = PBXBuildFile; fileRef = B583E53E2E3A2ADD00EA7E92 /* MedicationInputViewController.swift */; };
		B594E0C32E1E6FD400A33938 /* Alarm.swift in Sources */ = {isa = PBXBuildFile; fileRef = B594E0C22E1E6FD400A33938 /* Alarm.swift */; };
		B594E0CC2E1E829A00A33938 /* FSCalendar in Frameworks */ = {isa = PBXBuildFile; productRef = B594E0CB2E1E829A00A33938 /* FSCalendar */; };
		B594E0CF2E1E82D300A33938 /* CalculateCalendarLogic in Frameworks */ = {isa = PBXBuildFile; productRef = B594E0CE2E1E82D300A33938 /* CalculateCalendarLogic */; };
		B594E0D12E1E8A0700A33938 /* CalendarViewController.swift in Sources */ = {isa = PBXBuildFile; fileRef = B594E0D02E1E8A0700A33938 /* CalendarViewController.swift */; };
		B594E0D32E27B56700A33938 /* Notification.swift in Sources */ = {isa = PBXBuildFile; fileRef = B594E0D22E27B56700A33938 /* Notification.swift */; };
		B594E0D52E27B62800A33938 /* Persistence.swift in Sources */ = {isa = PBXBuildFile; fileRef = B594E0D42E27B62800A33938 /* Persistence.swift */; };
/* End PBXBuildFile section */

/* Begin PBXFileReference section */
		B51EC51E2E5EE62C003BC69C /* AddNotificationViewControlle.swift */ = {isa = PBXFileReference; lastKnownFileType = sourcecode.swift; path = AddNotificationViewControlle.swift; sourceTree = "<group>"; };
		B53A32E62DF05404001EE9A3 /* NotificationManager.swift */ = {isa = PBXFileReference; lastKnownFileType = sourcecode.swift; path = NotificationManager.swift; sourceTree = "<group>"; };
		B54AA3902DCB6F0300504FD3 /* KaiseiTokumin-Medium.ttf */ = {isa = PBXFileReference; lastKnownFileType = file; name = "KaiseiTokumin-Medium.ttf"; path = "../../../Downloads/フォント/KaiseiTokumin-Medium.ttf"; sourceTree = "<group>"; };
		B54AA3912DCB6F0300504FD3 /* KaiseiTokumin-ExtraBold.ttf */ = {isa = PBXFileReference; lastKnownFileType = file; name = "KaiseiTokumin-ExtraBold.ttf"; path = "../../../Downloads/フォント/KaiseiTokumin-ExtraBold.ttf"; sourceTree = "<group>"; };
		B54AA3922DCB6F0300504FD3 /* KaiseiTokumin-Regular.ttf */ = {isa = PBXFileReference; lastKnownFileType = file; name = "KaiseiTokumin-Regular.ttf"; path = "../../../Downloads/フォント/KaiseiTokumin-Regular.ttf"; sourceTree = "<group>"; };
		B54AA3932DCB6F0300504FD3 /* KaiseiTokumin-Bold.ttf */ = {isa = PBXFileReference; lastKnownFileType = file; name = "KaiseiTokumin-Bold.ttf"; path = "../../../Downloads/フォント/KaiseiTokumin-Bold.ttf"; sourceTree = "<group>"; };
		B54AA3942DCB6F0300504FD3 /* OFL.txt */ = {isa = PBXFileReference; fileEncoding = 4; lastKnownFileType = text; name = OFL.txt; path = "../../../Downloads/フォント/OFL.txt"; sourceTree = "<group>"; };
		B5821BB22D4A3F37002017E1 /* karennda-.app */ = {isa = PBXFileReference; explicitFileType = wrapper.application; includeInIndex = 0; path = "karennda-.app"; sourceTree = BUILT_PRODUCTS_DIR; };
		B5821BB52D4A3F37002017E1 /* AppDelegate.swift */ = {isa = PBXFileReference; lastKnownFileType = sourcecode.swift; path = AppDelegate.swift; sourceTree = "<group>"; };
		B5821BB72D4A3F37002017E1 /* SceneDelegate.swift */ = {isa = PBXFileReference; lastKnownFileType = sourcecode.swift; path = SceneDelegate.swift; sourceTree = "<group>"; };
		B5821BBC2D4A3F37002017E1 /* Base */ = {isa = PBXFileReference; lastKnownFileType = file.storyboard; name = Base; path = Base.lproj/Main.storyboard; sourceTree = "<group>"; };
		B5821BBE2D4A3F38002017E1 /* Assets.xcassets */ = {isa = PBXFileReference; lastKnownFileType = folder.assetcatalog; path = Assets.xcassets; sourceTree = "<group>"; };
		B5821BC12D4A3F38002017E1 /* Base */ = {isa = PBXFileReference; lastKnownFileType = file.storyboard; name = Base; path = Base.lproj/LaunchScreen.storyboard; sourceTree = "<group>"; };
		B5821BC32D4A3F38002017E1 /* Info.plist */ = {isa = PBXFileReference; lastKnownFileType = text.plist.xml; path = Info.plist; sourceTree = "<group>"; };
		B583E53C2E30E2DD00EA7E92 /* NotificationListViewController.swift */ = {isa = PBXFileReference; lastKnownFileType = sourcecode.swift; path = NotificationListViewController.swift; sourceTree = "<group>"; };
		B583E53E2E3A2ADD00EA7E92 /* MedicationInputViewController.swift */ = {isa = PBXFileReference; lastKnownFileType = sourcecode.swift; path = MedicationInputViewController.swift; sourceTree = "<group>"; };
		B594E0C22E1E6FD400A33938 /* Alarm.swift */ = {isa = PBXFileReference; lastKnownFileType = sourcecode.swift; path = Alarm.swift; sourceTree = "<group>"; };
		B594E0D02E1E8A0700A33938 /* CalendarViewController.swift */ = {isa = PBXFileReference; lastKnownFileType = sourcecode.swift; path = CalendarViewController.swift; sourceTree = "<group>"; };
		B594E0D22E27B56700A33938 /* Notification.swift */ = {isa = PBXFileReference; lastKnownFileType = sourcecode.swift; path = Notification.swift; sourceTree = "<group>"; };
		B594E0D42E27B62800A33938 /* Persistence.swift */ = {isa = PBXFileReference; lastKnownFileType = sourcecode.swift; path = Persistence.swift; sourceTree = "<group>"; };
/* End PBXFileReference section */

/* Begin PBXFrameworksBuildPhase section */
		B5821BAF2D4A3F37002017E1 /* Frameworks */ = {
			isa = PBXFrameworksBuildPhase;
			buildActionMask = 2147483647;
			files = (
				B594E0CF2E1E82D300A33938 /* CalculateCalendarLogic in Frameworks */,
				B594E0CC2E1E829A00A33938 /* FSCalendar in Frameworks */,
			);
			runOnlyForDeploymentPostprocessing = 0;
		};
/* End PBXFrameworksBuildPhase section */

/* Begin PBXGroup section */
		B5821BA92D4A3F37002017E1 = {
			isa = PBXGroup;
			children = (
				B5821BB42D4A3F37002017E1 /* karennda- */,
				B5821BB32D4A3F37002017E1 /* Products */,
			);
			sourceTree = "<group>";
		};
		B5821BB32D4A3F37002017E1 /* Products */ = {
			isa = PBXGroup;
			children = (
				B5821BB22D4A3F37002017E1 /* karennda-.app */,
			);
			name = Products;
			sourceTree = "<group>";
		};
		B5821BB42D4A3F37002017E1 /* karennda- */ = {
			isa = PBXGroup;
			children = (
				B54AA3932DCB6F0300504FD3 /* KaiseiTokumin-Bold.ttf */,
				B54AA3912DCB6F0300504FD3 /* KaiseiTokumin-ExtraBold.ttf */,
				B54AA3902DCB6F0300504FD3 /* KaiseiTokumin-Medium.ttf */,
				B54AA3922DCB6F0300504FD3 /* KaiseiTokumin-Regular.ttf */,
				B54AA3942DCB6F0300504FD3 /* OFL.txt */,
				B594E0C22E1E6FD400A33938 /* Alarm.swift */,
				B5821BB52D4A3F37002017E1 /* AppDelegate.swift */,
				B5821BB72D4A3F37002017E1 /* SceneDelegate.swift */,
				B5821BBB2D4A3F37002017E1 /* Main.storyboard */,
				B5821BBE2D4A3F38002017E1 /* Assets.xcassets */,
				B5821BC02D4A3F38002017E1 /* LaunchScreen.storyboard */,
				B5821BC32D4A3F38002017E1 /* Info.plist */,
				B53A32E62DF05404001EE9A3 /* NotificationManager.swift */,
				B594E0D42E27B62800A33938 /* Persistence.swift */,
				B594E0D02E1E8A0700A33938 /* CalendarViewController.swift */,
				B583E53C2E30E2DD00EA7E92 /* NotificationListViewController.swift */,
				B594E0D22E27B56700A33938 /* Notification.swift */,
				B583E53E2E3A2ADD00EA7E92 /* MedicationInputViewController.swift */,
				B51EC51E2E5EE62C003BC69C /* AddNotificationViewControlle.swift */,
			);
			path = "karennda-";
			sourceTree = "<group>";
		};
/* End PBXGroup section */

/* Begin PBXNativeTarget section */
		B5821BB12D4A3F37002017E1 /* karennda- */ = {
			isa = PBXNativeTarget;
			buildConfigurationList = B5821BC62D4A3F38002017E1 /* Build configuration list for PBXNativeTarget "karennda-" */;
			buildPhases = (
				B5821BAE2D4A3F37002017E1 /* Sources */,
				B5821BAF2D4A3F37002017E1 /* Frameworks */,
				B5821BB02D4A3F37002017E1 /* Resources */,
			);
			buildRules = (
			);
			dependencies = (
			);
			name = "karennda-";
			packageProductDependencies = (
				B594E0CB2E1E829A00A33938 /* FSCalendar */,
				B594E0CE2E1E82D300A33938 /* CalculateCalendarLogic */,
			);
			productName = "karennda-";
			productReference = B5821BB22D4A3F37002017E1 /* karennda-.app */;
			productType = "com.apple.product-type.application";
		};
/* End PBXNativeTarget section */

/* Begin PBXProject section */
		B5821BAA2D4A3F37002017E1 /* Project object */ = {
			isa = PBXProject;
			attributes = {
				BuildIndependentTargetsInParallel = 1;
				LastSwiftUpdateCheck = 1520;
				LastUpgradeCheck = 1520;
				TargetAttributes = {
					B5821BB12D4A3F37002017E1 = {
						CreatedOnToolsVersion = 15.2;
					};
				};
			};
			buildConfigurationList = B5821BAD2D4A3F37002017E1 /* Build configuration list for PBXProject "karennda-" */;
			compatibilityVersion = "Xcode 14.0";
			developmentRegion = en;
			hasScannedForEncodings = 0;
			knownRegions = (
				en,
				Base,
			);
			mainGroup = B5821BA92D4A3F37002017E1;
			packageReferences = (
				B594E0CA2E1E829A00A33938 /* XCRemoteSwiftPackageReference "FSCalendar" */,
				B594E0CD2E1E82D300A33938 /* XCRemoteSwiftPackageReference "handMadeCalendarAdvance" */,
			);
			productRefGroup = B5821BB32D4A3F37002017E1 /* Products */;
			projectDirPath = "";
			projectRoot = "";
			targets = (
				B5821BB12D4A3F37002017E1 /* karennda- */,
			);
		};
/* End PBXProject section */

/* Begin PBXResourcesBuildPhase section */
		B5821BB02D4A3F37002017E1 /* Resources */ = {
			isa = PBXResourcesBuildPhase;
			buildActionMask = 2147483647;
			files = (
				B54AA3972DCB6F0300504FD3 /* KaiseiTokumin-Regular.ttf in Resources */,
				B54AA3962DCB6F0300504FD3 /* KaiseiTokumin-ExtraBold.ttf in Resources */,
				B5821BC22D4A3F38002017E1 /* LaunchScreen.storyboard in Resources */,
				B54AA3992DCB6F0300504FD3 /* OFL.txt in Resources */,
				B5821BBF2D4A3F38002017E1 /* Assets.xcassets in Resources */,
				B54AA3952DCB6F0300504FD3 /* KaiseiTokumin-Medium.ttf in Resources */,
				B54AA3982DCB6F0300504FD3 /* KaiseiTokumin-Bold.ttf in Resources */,
				B5821BBD2D4A3F37002017E1 /* Main.storyboard in Resources */,
			);
			runOnlyForDeploymentPostprocessing = 0;
		};
/* End PBXResourcesBuildPhase section */

/* Begin PBXSourcesBuildPhase section */
		B5821BAE2D4A3F37002017E1 /* Sources */ = {
			isa = PBXSourcesBuildPhase;
			buildActionMask = 2147483647;
			files = (
				B594E0D12E1E8A0700A33938 /* CalendarViewController.swift in Sources */,
				B594E0C32E1E6FD400A33938 /* Alarm.swift in Sources */,
				B51EC51F2E5EE62C003BC69C /* AddNotificationViewControlle.swift in Sources */,
				B53A32E72DF05404001EE9A3 /* NotificationManager.swift in Sources */,
				B583E53F2E3A2ADD00EA7E92 /* MedicationInputViewController.swift in Sources */,
				B594E0D32E27B56700A33938 /* Notification.swift in Sources */,
				B594E0D52E27B62800A33938 /* Persistence.swift in Sources */,
				B5821BB62D4A3F37002017E1 /* AppDelegate.swift in Sources */,
				B583E53D2E30E2DD00EA7E92 /* NotificationListViewController.swift in Sources */,
				B5821BB82D4A3F37002017E1 /* SceneDelegate.swift in Sources */,
			);
			runOnlyForDeploymentPostprocessing = 0;
		};
/* End PBXSourcesBuildPhase section */

/* Begin PBXVariantGroup section */
		B5821BBB2D4A3F37002017E1 /* Main.storyboard */ = {
			isa = PBXVariantGroup;
			children = (
				B5821BBC2D4A3F37002017E1 /* Base */,
			);
			name = Main.storyboard;
			sourceTree = "<group>";
		};
		B5821BC02D4A3F38002017E1 /* LaunchScreen.storyboard */ = {
			isa = PBXVariantGroup;
			children = (
				B5821BC12D4A3F38002017E1 /* Base */,
			);
			name = LaunchScreen.storyboard;
			sourceTree = "<group>";
		};
/* End PBXVariantGroup section */

/* Begin XCBuildConfiguration section */
		B5821BC42D4A3F38002017E1 /* Debug */ = {
			isa = XCBuildConfiguration;
			buildSettings = {
				ALWAYS_SEARCH_USER_PATHS = NO;
				ASSETCATALOG_COMPILER_GENERATE_SWIFT_ASSET_SYMBOL_EXTENSIONS = YES;
				CLANG_ANALYZER_NONNULL = YES;
				CLANG_ANALYZER_NUMBER_OBJECT_CONVERSION = YES_AGGRESSIVE;
				CLANG_CXX_LANGUAGE_STANDARD = "gnu++20";
				CLANG_ENABLE_MODULES = YES;
				CLANG_ENABLE_OBJC_ARC = YES;
				CLANG_ENABLE_OBJC_WEAK = YES;
				CLANG_WARN_BLOCK_CAPTURE_AUTORELEASING = YES;
				CLANG_WARN_BOOL_CONVERSION = YES;
				CLANG_WARN_COMMA = YES;
				CLANG_WARN_CONSTANT_CONVERSION = YES;
				CLANG_WARN_DEPRECATED_OBJC_IMPLEMENTATIONS = YES;
				CLANG_WARN_DIRECT_OBJC_ISA_USAGE = YES_ERROR;
				CLANG_WARN_DOCUMENTATION_COMMENTS = YES;
				CLANG_WARN_EMPTY_BODY = YES;
				CLANG_WARN_ENUM_CONVERSION = YES;
				CLANG_WARN_INFINITE_RECURSION = YES;
				CLANG_WARN_INT_CONVERSION = YES;
				CLANG_WARN_NON_LITERAL_NULL_CONVERSION = YES;
				CLANG_WARN_OBJC_IMPLICIT_RETAIN_SELF = YES;
				CLANG_WARN_OBJC_LITERAL_CONVERSION = YES;
				CLANG_WARN_OBJC_ROOT_CLASS = YES_ERROR;
				CLANG_WARN_QUOTED_INCLUDE_IN_FRAMEWORK_HEADER = YES;
				CLANG_WARN_RANGE_LOOP_ANALYSIS = YES;
				CLANG_WARN_STRICT_PROTOTYPES = YES;
				CLANG_WARN_SUSPICIOUS_MOVE = YES;
				CLANG_WARN_UNGUARDED_AVAILABILITY = YES_AGGRESSIVE;
				CLANG_WARN_UNREACHABLE_CODE = YES;
				CLANG_WARN__DUPLICATE_METHOD_MATCH = YES;
				COPY_PHASE_STRIP = NO;
				DEBUG_INFORMATION_FORMAT = dwarf;
				ENABLE_STRICT_OBJC_MSGSEND = YES;
				ENABLE_TESTABILITY = YES;
				ENABLE_USER_SCRIPT_SANDBOXING = YES;
				GCC_C_LANGUAGE_STANDARD = gnu17;
				GCC_DYNAMIC_NO_PIC = NO;
				GCC_NO_COMMON_BLOCKS = YES;
				GCC_OPTIMIZATION_LEVEL = 0;
				GCC_PREPROCESSOR_DEFINITIONS = (
					"DEBUG=1",
					"$(inherited)",
				);
				GCC_WARN_64_TO_32_BIT_CONVERSION = YES;
				GCC_WARN_ABOUT_RETURN_TYPE = YES_ERROR;
				GCC_WARN_UNDECLARED_SELECTOR = YES;
				GCC_WARN_UNINITIALIZED_AUTOS = YES_AGGRESSIVE;
				GCC_WARN_UNUSED_FUNCTION = YES;
				GCC_WARN_UNUSED_VARIABLE = YES;
				IPHONEOS_DEPLOYMENT_TARGET = 17.2;
				LOCALIZATION_PREFERS_STRING_CATALOGS = YES;
				MTL_ENABLE_DEBUG_INFO = INCLUDE_SOURCE;
				MTL_FAST_MATH = YES;
				ONLY_ACTIVE_ARCH = YES;
				SDKROOT = iphoneos;
				SWIFT_ACTIVE_COMPILATION_CONDITIONS = "DEBUG $(inherited)";
				SWIFT_OPTIMIZATION_LEVEL = "-Onone";
			};
			name = Debug;
		};
		B5821BC52D4A3F38002017E1 /* Release */ = {
			isa = XCBuildConfiguration;
			buildSettings = {
				ALWAYS_SEARCH_USER_PATHS = NO;
				ASSETCATALOG_COMPILER_GENERATE_SWIFT_ASSET_SYMBOL_EXTENSIONS = YES;
				CLANG_ANALYZER_NONNULL = YES;
				CLANG_ANALYZER_NUMBER_OBJECT_CONVERSION = YES_AGGRESSIVE;
				CLANG_CXX_LANGUAGE_STANDARD = "gnu++20";
				CLANG_ENABLE_MODULES = YES;
				CLANG_ENABLE_OBJC_ARC = YES;
				CLANG_ENABLE_OBJC_WEAK = YES;
				CLANG_WARN_BLOCK_CAPTURE_AUTORELEASING = YES;
				CLANG_WARN_BOOL_CONVERSION = YES;
				CLANG_WARN_COMMA = YES;
				CLANG_WARN_CONSTANT_CONVERSION = YES;
				CLANG_WARN_DEPRECATED_OBJC_IMPLEMENTATIONS = YES;
				CLANG_WARN_DIRECT_OBJC_ISA_USAGE = YES_ERROR;
				CLANG_WARN_DOCUMENTATION_COMMENTS = YES;
				CLANG_WARN_EMPTY_BODY = YES;
				CLANG_WARN_ENUM_CONVERSION = YES;
				CLANG_WARN_INFINITE_RECURSION = YES;
				CLANG_WARN_INT_CONVERSION = YES;
				CLANG_WARN_NON_LITERAL_NULL_CONVERSION = YES;
				CLANG_WARN_OBJC_IMPLICIT_RETAIN_SELF = YES;
				CLANG_WARN_OBJC_LITERAL_CONVERSION = YES;
				CLANG_WARN_OBJC_ROOT_CLASS = YES_ERROR;
				CLANG_WARN_QUOTED_INCLUDE_IN_FRAMEWORK_HEADER = YES;
				CLANG_WARN_RANGE_LOOP_ANALYSIS = YES;
				CLANG_WARN_STRICT_PROTOTYPES = YES;
				CLANG_WARN_SUSPICIOUS_MOVE = YES;
				CLANG_WARN_UNGUARDED_AVAILABILITY = YES_AGGRESSIVE;
				CLANG_WARN_UNREACHABLE_CODE = YES;
				CLANG_WARN__DUPLICATE_METHOD_MATCH = YES;
				COPY_PHASE_STRIP = NO;
				DEBUG_INFORMATION_FORMAT = "dwarf-with-dsym";
				ENABLE_NS_ASSERTIONS = NO;
				ENABLE_STRICT_OBJC_MSGSEND = YES;
				ENABLE_USER_SCRIPT_SANDBOXING = YES;
				GCC_C_LANGUAGE_STANDARD = gnu17;
				GCC_NO_COMMON_BLOCKS = YES;
				GCC_WARN_64_TO_32_BIT_CONVERSION = YES;
				GCC_WARN_ABOUT_RETURN_TYPE = YES_ERROR;
				GCC_WARN_UNDECLARED_SELECTOR = YES;
				GCC_WARN_UNINITIALIZED_AUTOS = YES_AGGRESSIVE;
				GCC_WARN_UNUSED_FUNCTION = YES;
				GCC_WARN_UNUSED_VARIABLE = YES;
				IPHONEOS_DEPLOYMENT_TARGET = 17.2;
				LOCALIZATION_PREFERS_STRING_CATALOGS = YES;
				MTL_ENABLE_DEBUG_INFO = NO;
				MTL_FAST_MATH = YES;
				SDKROOT = iphoneos;
				SWIFT_COMPILATION_MODE = wholemodule;
				VALIDATE_PRODUCT = YES;
			};
			name = Release;
		};
		B5821BC72D4A3F38002017E1 /* Debug */ = {
			isa = XCBuildConfiguration;
			buildSettings = {
				ASSETCATALOG_COMPILER_APPICON_NAME = AppIcon;
				ASSETCATALOG_COMPILER_GLOBAL_ACCENT_COLOR_NAME = AccentColor;
				CODE_SIGN_STYLE = Automatic;
				CURRENT_PROJECT_VERSION = 1;
				DEVELOPMENT_TEAM = UMDXQ86AQN;
				GENERATE_INFOPLIST_FILE = YES;
				INFOPLIST_FILE = "karennda-/Info.plist";
				INFOPLIST_KEY_CFBundleDisplayName = "";
				INFOPLIST_KEY_LSApplicationCategoryType = "";
				INFOPLIST_KEY_UIApplicationSupportsIndirectInputEvents = YES;
				INFOPLIST_KEY_UILaunchStoryboardName = LaunchScreen;
				INFOPLIST_KEY_UIMainStoryboardFile = Main;
				INFOPLIST_KEY_UISupportedInterfaceOrientations_iPad = "UIInterfaceOrientationPortrait UIInterfaceOrientationPortraitUpsideDown UIInterfaceOrientationLandscapeLeft UIInterfaceOrientationLandscapeRight";
				INFOPLIST_KEY_UISupportedInterfaceOrientations_iPhone = "UIInterfaceOrientationPortrait UIInterfaceOrientationLandscapeLeft UIInterfaceOrientationLandscapeRight";
				LD_RUNPATH_SEARCH_PATHS = (
					"$(inherited)",
					"@executable_path/Frameworks",
				);
				MARKETING_VERSION = 1.0;
				PRODUCT_BUNDLE_IDENTIFIER = "app.ikeda.yuki.karennda-";
				PRODUCT_NAME = "$(TARGET_NAME)";
				SWIFT_EMIT_LOC_STRINGS = YES;
				SWIFT_VERSION = 5.0;
				TARGETED_DEVICE_FAMILY = "1,2";
			};
			name = Debug;
		};
		B5821BC82D4A3F38002017E1 /* Release */ = {
			isa = XCBuildConfiguration;
			buildSettings = {
				ASSETCATALOG_COMPILER_APPICON_NAME = AppIcon;
				ASSETCATALOG_COMPILER_GLOBAL_ACCENT_COLOR_NAME = AccentColor;
				CODE_SIGN_STYLE = Automatic;
				CURRENT_PROJECT_VERSION = 1;
				DEVELOPMENT_TEAM = UMDXQ86AQN;
				GENERATE_INFOPLIST_FILE = YES;
				INFOPLIST_FILE = "karennda-/Info.plist";
				INFOPLIST_KEY_CFBundleDisplayName = "";
				INFOPLIST_KEY_LSApplicationCategoryType = "";
				INFOPLIST_KEY_UIApplicationSupportsIndirectInputEvents = YES;
				INFOPLIST_KEY_UILaunchStoryboardName = LaunchScreen;
				INFOPLIST_KEY_UIMainStoryboardFile = Main;
				INFOPLIST_KEY_UISupportedInterfaceOrientations_iPad = "UIInterfaceOrientationPortrait UIInterfaceOrientationPortraitUpsideDown UIInterfaceOrientationLandscapeLeft UIInterfaceOrientationLandscapeRight";
				INFOPLIST_KEY_UISupportedInterfaceOrientations_iPhone = "UIInterfaceOrientationPortrait UIInterfaceOrientationLandscapeLeft UIInterfaceOrientationLandscapeRight";
				LD_RUNPATH_SEARCH_PATHS = (
					"$(inherited)",
					"@executable_path/Frameworks",
				);
				MARKETING_VERSION = 1.0;
				PRODUCT_BUNDLE_IDENTIFIER = "app.ikeda.yuki.karennda-";
				PRODUCT_NAME = "$(TARGET_NAME)";
				SWIFT_EMIT_LOC_STRINGS = YES;
				SWIFT_VERSION = 5.0;
				TARGETED_DEVICE_FAMILY = "1,2";
			};
			name = Release;
		};
/* End XCBuildConfiguration section */

/* Begin XCConfigurationList section */
		B5821BAD2D4A3F37002017E1 /* Build configuration list for PBXProject "karennda-" */ = {
			isa = XCConfigurationList;
			buildConfigurations = (
				B5821BC42D4A3F38002017E1 /* Debug */,
				B5821BC52D4A3F38002017E1 /* Release */,
			);
			defaultConfigurationIsVisible = 0;
			defaultConfigurationName = Release;
		};
		B5821BC62D4A3F38002017E1 /* Build configuration list for PBXNativeTarget "karennda-" */ = {
			isa = XCConfigurationList;
			buildConfigurations = (
				B5821BC72D4A3F38002017E1 /* Debug */,
				B5821BC82D4A3F38002017E1 /* Release */,
			);
			defaultConfigurationIsVisible = 0;
			defaultConfigurationName = Release;
		};
/* End XCConfigurationList section */

/* Begin XCRemoteSwiftPackageReference section */
		B594E0CA2E1E829A00A33938 /* XCRemoteSwiftPackageReference "FSCalendar" */ = {
			isa = XCRemoteSwiftPackageReference;
			repositoryURL = "https://github.com/WenchaoD/FSCalendar";
			requirement = {
				kind = upToNextMajorVersion;
				minimumVersion = 2.8.4;
			};
		};
		B594E0CD2E1E82D300A33938 /* XCRemoteSwiftPackageReference "handMadeCalendarAdvance" */ = {
			isa = XCRemoteSwiftPackageReference;
			repositoryURL = "https://github.com/fumiyasac/handMadeCalendarAdvance";
			requirement = {
				kind = upToNextMajorVersion;
				minimumVersion = 0.8.1;
			};
		};
/* End XCRemoteSwiftPackageReference section */

/* Begin XCSwiftPackageProductDependency section */
		B594E0CB2E1E829A00A33938 /* FSCalendar */ = {
			isa = XCSwiftPackageProductDependency;
			package = B594E0CA2E1E829A00A33938 /* XCRemoteSwiftPackageReference "FSCalendar" */;
			productName = FSCalendar;
		};
		B594E0CE2E1E82D300A33938 /* CalculateCalendarLogic */ = {
			isa = XCSwiftPackageProductDependency;
			package = B594E0CD2E1E82D300A33938 /* XCRemoteSwiftPackageReference "handMadeCalendarAdvance" */;
			productName = CalculateCalendarLogic;
		};
/* End XCSwiftPackageProductDependency section */
	};
	rootObject = B5821BAA2D4A3F37002017E1 /* Project object */;
}
