{
  "pins" : [
    {
      "identity" : "charts",
      "kind" : "remoteSourceControl",
      "location" : "https://github.com/ChartsOrg/Charts",
      "state" : {
        "revision" : "dd9c72e3d7e751e769971092a6bd72d39198ae63",
        "version" : "5.1.0"
      }
    },
    {
      "identity" : "fscalendar",
      "kind" : "remoteSourceControl",
      "location" : "https://github.com/WenchaoD/FSCalendar",
      "state" : {
        "revision" : "0fbdec5172fccb90f707472eeaea4ffe095278f6",
        "version" : "2.8.4"
      }
    },
    {
      "identity" : "handmadecalendaradvance",
      "kind" : "remoteSourceControl",
      "location" : "https://github.com/fumiyasac/handMadeCalendarAdvance",
      "state" : {
        "revision" : "bd24f5b0f812d1388c112a3595b2dc27863b362a",
        "version" : "0.8.1"
      }
    }
  ],
  "version" : 2
}
